// !$*UTF8*$!
{
	archiveVersion = 1;
	classes = {
	};
	objectVersion = 46;
	objects = {

/* Begin PBXBuildFile section */
		03842A35189E725500C4C79E /* Foundation.framework in Frameworks */ = {isa = PBXBuildFile; fileRef = 03842A34189E725500C4C79E /* Foundation.framework */; };
		03842A37189E725500C4C79E /* CoreGraphics.framework in Frameworks */ = {isa = PBXBuildFile; fileRef = 03842A36189E725500C4C79E /* CoreGraphics.framework */; };
		03842A39189E725500C4C79E /* UIKit.framework in Frameworks */ = {isa = PBXBuildFile; fileRef = 03842A38189E725500C4C79E /* UIKit.framework */; };
		03842A3F189E725500C4C79E /* InfoPlist.strings in Resources */ = {isa = PBXBuildFile; fileRef = 03842A3D189E725500C4C79E /* InfoPlist.strings */; };
		03842A41189E725500C4C79E /* main.m in Sources */ = {isa = PBXBuildFile; fileRef = 03842A40189E725500C4C79E /* main.m */; };
		03842A45189E725500C4C79E /* AppDelegate.m in Sources */ = {isa = PBXBuildFile; fileRef = 03842A44189E725500C4C79E /* AppDelegate.m */; };
		03842A48189E725500C4C79E /* Main.storyboard in Resources */ = {isa = PBXBuildFile; fileRef = 03842A46189E725500C4C79E /* Main.storyboard */; };
		03842A4B189E725500C4C79E /* ViewController.m in Sources */ = {isa = PBXBuildFile; fileRef = 03842A4A189E725500C4C79E /* ViewController.m */; };
		03842A4D189E725500C4C79E /* Images.xcassets in Resources */ = {isa = PBXBuildFile; fileRef = 03842A4C189E725500C4C79E /* Images.xcassets */; };
		03842A54189E725500C4C79E /* XCTest.framework in Frameworks */ = {isa = PBXBuildFile; fileRef = 03842A53189E725500C4C79E /* XCTest.framework */; };
		03842A55189E725500C4C79E /* Foundation.framework in Frameworks */ = {isa = PBXBuildFile; fileRef = 03842A34189E725500C4C79E /* Foundation.framework */; };
		03842A56189E725500C4C79E /* UIKit.framework in Frameworks */ = {isa = PBXBuildFile; fileRef = 03842A38189E725500C4C79E /* UIKit.framework */; };
		03842A5E189E725500C4C79E /* InfoPlist.strings in Resources */ = {isa = PBXBuildFile; fileRef = 03842A5C189E725500C4C79E /* InfoPlist.strings */; };
		03842A60189E725500C4C79E /* SHLineKitDemoTests.m in Sources */ = {isa = PBXBuildFile; fileRef = 03842A5F189E725500C4C79E /* SHLineKitDemoTests.m */; };
		03FA7031189E8D7000528BB9 /* SHLineKit.m in Sources */ = {isa = PBXBuildFile; fileRef = 03FA7030189E8D7000528BB9 /* SHLineKit.m */; };
/* End PBXBuildFile section */

/* Begin PBXContainerItemProxy section */
		03842A57189E725500C4C79E /* PBXContainerItemProxy */ = {
			isa = PBXContainerItemProxy;
			containerPortal = 03842A29189E725500C4C79E /* Project object */;
			proxyType = 1;
			remoteGlobalIDString = 03842A30189E725500C4C79E;
			remoteInfo = SHLineKitDemo;
		};
/* End PBXContainerItemProxy section */

/* Begin PBXFileReference section */
		03842A31189E725500C4C79E /* SHLineKitDemo.app */ = {isa = PBXFileReference; explicitFileType = wrapper.application; includeInIndex = 0; path = SHLineKitDemo.app; sourceTree = BUILT_PRODUCTS_DIR; };
		03842A34189E725500C4C79E /* Foundation.framework */ = {isa = PBXFileReference; lastKnownFileType = wrapper.framework; name = Foundation.framework; path = System/Library/Frameworks/Foundation.framework; sourceTree = SDKROOT; };
		03842A36189E725500C4C79E /* CoreGraphics.framework */ = {isa = PBXFileReference; lastKnownFileType = wrapper.framework; name = CoreGraphics.framework; path = System/Library/Frameworks/CoreGraphics.framework; sourceTree = SDKROOT; };
		03842A38189E725500C4C79E /* UIKit.framework */ = {isa = PBXFileReference; lastKnownFileType = wrapper.framework; name = UIKit.framework; path = System/Library/Frameworks/UIKit.framework; sourceTree = SDKROOT; };
		03842A3C189E725500C4C79E /* SHLineKitDemo-Info.plist */ = {isa = PBXFileReference; lastKnownFileType = text.plist.xml; path = "SHLineKitDemo-Info.plist"; sourceTree = "<group>"; };
		03842A3E189E725500C4C79E /* en */ = {isa = PBXFileReference; lastKnownFileType = text.plist.strings; name = en; path = en.lproj/InfoPlist.strings; sourceTree = "<group>"; };
		03842A40189E725500C4C79E /* main.m */ = {isa = PBXFileReference; lastKnownFileType = sourcecode.c.objc; path = main.m; sourceTree = "<group>"; };
		03842A42189E725500C4C79E /* SHLineKitDemo-Prefix.pch */ = {isa = PBXFileReference; lastKnownFileType = sourcecode.c.h; path = "SHLineKitDemo-Prefix.pch"; sourceTree = "<group>"; };
		03842A43189E725500C4C79E /* AppDelegate.h */ = {isa = PBXFileReference; lastKnownFileType = sourcecode.c.h; path = AppDelegate.h; sourceTree = "<group>"; };
		03842A44189E725500C4C79E /* AppDelegate.m */ = {isa = PBXFileReference; lastKnownFileType = sourcecode.c.objc; path = AppDelegate.m; sourceTree = "<group>"; };
		03842A47189E725500C4C79E /* Base */ = {isa = PBXFileReference; lastKnownFileType = file.storyboard; name = Base; path = Base.lproj/Main.storyboard; sourceTree = "<group>"; };
		03842A49189E725500C4C79E /* ViewController.h */ = {isa = PBXFileReference; lastKnownFileType = sourcecode.c.h; path = ViewController.h; sourceTree = "<group>"; };
		03842A4A189E725500C4C79E /* ViewController.m */ = {isa = PBXFileReference; lastKnownFileType = sourcecode.c.objc; path = ViewController.m; sourceTree = "<group>"; };
		03842A4C189E725500C4C79E /* Images.xcassets */ = {isa = PBXFileReference; lastKnownFileType = folder.assetcatalog; path = Images.xcassets; sourceTree = "<group>"; };
		03842A52189E725500C4C79E /* SHLineKitDemoTests.xctest */ = {isa = PBXFileReference; explicitFileType = wrapper.cfbundle; includeInIndex = 0; path = SHLineKitDemoTests.xctest; sourceTree = BUILT_PRODUCTS_DIR; };
		03842A53189E725500C4C79E /* XCTest.framework */ = {isa = PBXFileReference; lastKnownFileType = wrapper.framework; name = XCTest.framework; path = Library/Frameworks/XCTest.framework; sourceTree = DEVELOPER_DIR; };
		03842A5B189E725500C4C79E /* SHLineKitDemoTests-Info.plist */ = {isa = PBXFileReference; lastKnownFileType = text.plist.xml; path = "SHLineKitDemoTests-Info.plist"; sourceTree = "<group>"; };
		03842A5D189E725500C4C79E /* en */ = {isa = PBXFileReference; lastKnownFileType = text.plist.strings; name = en; path = en.lproj/InfoPlist.strings; sourceTree = "<group>"; };
		03842A5F189E725500C4C79E /* SHLineKitDemoTests.m */ = {isa = PBXFileReference; lastKnownFileType = sourcecode.c.objc; path = SHLineKitDemoTests.m; sourceTree = "<group>"; };
		03FA702F189E8D7000528BB9 /* SHLineKit.h */ = {isa = PBXFileReference; fileEncoding = 4; lastKnownFileType = sourcecode.c.h; path = SHLineKit.h; sourceTree = "<group>"; };
		03FA7030189E8D7000528BB9 /* SHLineKit.m */ = {isa = PBXFileReference; fileEncoding = 4; lastKnownFileType = sourcecode.c.objc; path = SHLineKit.m; sourceTree = "<group>"; };
/* End PBXFileReference section */

/* Begin PBXFrameworksBuildPhase section */
		03842A2E189E725500C4C79E /* Frameworks */ = {
			isa = PBXFrameworksBuildPhase;
			buildActionMask = 2147483647;
			files = (
				03842A37189E725500C4C79E /* CoreGraphics.framework in Frameworks */,
				03842A39189E725500C4C79E /* UIKit.framework in Frameworks */,
				03842A35189E725500C4C79E /* Foundation.framework in Frameworks */,
			);
			runOnlyForDeploymentPostprocessing = 0;
		};
		03842A4F189E725500C4C79E /* Frameworks */ = {
			isa = PBXFrameworksBuildPhase;
			buildActionMask = 2147483647;
			files = (
				03842A54189E725500C4C79E /* XCTest.framework in Frameworks */,
				03842A56189E725500C4C79E /* UIKit.framework in Frameworks */,
				03842A55189E725500C4C79E /* Foundation.framework in Frameworks */,
			);
			runOnlyForDeploymentPostprocessing = 0;
		};
/* End PBXFrameworksBuildPhase section */

/* Begin PBXGroup section */
		03842A28189E725500C4C79E = {
			isa = PBXGroup;
			children = (
				03842A3A189E725500C4C79E /* SHLineKitDemo */,
				03842A59189E725500C4C79E /* SHLineKitDemoTests */,
				03842A33189E725500C4C79E /* Frameworks */,
				03842A32189E725500C4C79E /* Products */,
			);
			sourceTree = "<group>";
		};
		03842A32189E725500C4C79E /* Products */ = {
			isa = PBXGroup;
			children = (
				03842A31189E725500C4C79E /* SHLineKitDemo.app */,
				03842A52189E725500C4C79E /* SHLineKitDemoTests.xctest */,
			);
			name = Products;
			sourceTree = "<group>";
		};
		03842A33189E725500C4C79E /* Frameworks */ = {
			isa = PBXGroup;
			children = (
				03842A34189E725500C4C79E /* Foundation.framework */,
				03842A36189E725500C4C79E /* CoreGraphics.framework */,
				03842A38189E725500C4C79E /* UIKit.framework */,
				03842A53189E725500C4C79E /* XCTest.framework */,
			);
			name = Frameworks;
			sourceTree = "<group>";
		};
		03842A3A189E725500C4C79E /* SHLineKitDemo */ = {
			isa = PBXGroup;
			children = (
				03842A43189E725500C4C79E /* AppDelegate.h */,
				03842A44189E725500C4C79E /* AppDelegate.m */,
				03842A46189E725500C4C79E /* Main.storyboard */,
				03842A49189E725500C4C79E /* ViewController.h */,
				03842A4A189E725500C4C79E /* ViewController.m */,
				03FA702E189E8D7000528BB9 /* SHLineKit */,
				03842A4C189E725500C4C79E /* Images.xcassets */,
				03842A3B189E725500C4C79E /* Supporting Files */,
			);
			path = SHLineKitDemo;
			sourceTree = "<group>";
		};
		03842A3B189E725500C4C79E /* Supporting Files */ = {
			isa = PBXGroup;
			children = (
				03842A3C189E725500C4C79E /* SHLineKitDemo-Info.plist */,
				03842A3D189E725500C4C79E /* InfoPlist.strings */,
				03842A40189E725500C4C79E /* main.m */,
				03842A42189E725500C4C79E /* SHLineKitDemo-Prefix.pch */,
			);
			name = "Supporting Files";
			sourceTree = "<group>";
		};
		03842A59189E725500C4C79E /* SHLineKitDemoTests */ = {
			isa = PBXGroup;
			children = (
				03842A5F189E725500C4C79E /* SHLineKitDemoTests.m */,
				03842A5A189E725500C4C79E /* Supporting Files */,
			);
			path = SHLineKitDemoTests;
			sourceTree = "<group>";
		};
		03842A5A189E725500C4C79E /* Supporting Files */ = {
			isa = PBXGroup;
			children = (
				03842A5B189E725500C4C79E /* SHLineKitDemoTests-Info.plist */,
				03842A5C189E725500C4C79E /* InfoPlist.strings */,
			);
			name = "Supporting Files";
			sourceTree = "<group>";
		};
		03FA702E189E8D7000528BB9 /* SHLineKit */ = {
			isa = PBXGroup;
			children = (
				03FA702F189E8D7000528BB9 /* SHLineKit.h */,
				03FA7030189E8D7000528BB9 /* SHLineKit.m */,
			);
			path = SHLineKit;
			sourceTree = "<group>";
		};
/* End PBXGroup section */

/* Begin PBXNativeTarget section */
		03842A30189E725500C4C79E /* SHLineKitDemo */ = {
			isa = PBXNativeTarget;
			buildConfigurationList = 03842A63189E725500C4C79E /* Build configuration list for PBXNativeTarget "SHLineKitDemo" */;
			buildPhases = (
				03842A2D189E725500C4C79E /* Sources */,
				03842A2E189E725500C4C79E /* Frameworks */,
				03842A2F189E725500C4C79E /* Resources */,
			);
			buildRules = (
			);
			dependencies = (
			);
			name = SHLineKitDemo;
			productName = SHLineKitDemo;
			productReference = 03842A31189E725500C4C79E /* SHLineKitDemo.app */;
			productType = "com.apple.product-type.application";
		};
		03842A51189E725500C4C79E /* SHLineKitDemoTests */ = {
			isa = PBXNativeTarget;
			buildConfigurationList = 03842A66189E725500C4C79E /* Build configuration list for PBXNativeTarget "SHLineKitDemoTests" */;
			buildPhases = (
				03842A4E189E725500C4C79E /* Sources */,
				03842A4F189E725500C4C79E /* Frameworks */,
				03842A50189E725500C4C79E /* Resources */,
			);
			buildRules = (
			);
			dependencies = (
				03842A58189E725500C4C79E /* PBXTargetDependency */,
			);
			name = SHLineKitDemoTests;
			productName = SHLineKitDemoTests;
			productReference = 03842A52189E725500C4C79E /* SHLineKitDemoTests.xctest */;
			productType = "com.apple.product-type.bundle.unit-test";
		};
/* End PBXNativeTarget section */

/* Begin PBXProject section */
		03842A29189E725500C4C79E /* Project object */ = {
			isa = PBXProject;
			attributes = {
				LastUpgradeCheck = 0500;
				ORGANIZATIONNAME = shouian;
				TargetAttributes = {
					03842A51189E725500C4C79E = {
						TestTargetID = 03842A30189E725500C4C79E;
					};
				};
			};
			buildConfigurationList = 03842A2C189E725500C4C79E /* Build configuration list for PBXProject "SHLineKitDemo" */;
			compatibilityVersion = "Xcode 3.2";
			developmentRegion = English;
			hasScannedForEncodings = 0;
			knownRegions = (
				en,
				Base,
			);
			mainGroup = 03842A28189E725500C4C79E;
			productRefGroup = 03842A32189E725500C4C79E /* Products */;
			projectDirPath = "";
			projectRoot = "";
			targets = (
				03842A30189E725500C4C79E /* SHLineKitDemo */,
				03842A51189E725500C4C79E /* SHLineKitDemoTests */,
			);
		};
/* End PBXProject section */

/* Begin PBXResourcesBuildPhase section */
		03842A2F189E725500C4C79E /* Resources */ = {
			isa = PBXResourcesBuildPhase;
			buildActionMask = 2147483647;
			files = (
				03842A4D189E725500C4C79E /* Images.xcassets in Resources */,
				03842A3F189E725500C4C79E /* InfoPlist.strings in Resources */,
				03842A48189E725500C4C79E /* Main.storyboard in Resources */,
			);
			runOnlyForDeploymentPostprocessing = 0;
		};
		03842A50189E725500C4C79E /* Resources */ = {
			isa = PBXResourcesBuildPhase;
			buildActionMask = 2147483647;
			files = (
				03842A5E189E725500C4C79E /* InfoPlist.strings in Resources */,
			);
			runOnlyForDeploymentPostprocessing = 0;
		};
/* End PBXResourcesBuildPhase section */

/* Begin PBXSourcesBuildPhase section */
		03842A2D189E725500C4C79E /* Sources */ = {
			isa = PBXSourcesBuildPhase;
			buildActionMask = 2147483647;
			files = (
				03842A4B189E725500C4C79E /* ViewController.m in Sources */,
				03FA7031189E8D7000528BB9 /* SHLineKit.m in Sources */,
				03842A45189E725500C4C79E /* AppDelegate.m in Sources */,
				03842A41189E725500C4C79E /* main.m in Sources */,
			);
			runOnlyForDeploymentPostprocessing = 0;
		};
		03842A4E189E725500C4C79E /* Sources */ = {
			isa = PBXSourcesBuildPhase;
			buildActionMask = 2147483647;
			files = (
				03842A60189E725500C4C79E /* SHLineKitDemoTests.m in Sources */,
			);
			runOnlyForDeploymentPostprocessing = 0;
		};
/* End PBXSourcesBuildPhase section */

/* Begin PBXTargetDependency section */
		03842A58189E725500C4C79E /* PBXTargetDependency */ = {
			isa = PBXTargetDependency;
			target = 03842A30189E725500C4C79E /* SHLineKitDemo */;
			targetProxy = 03842A57189E725500C4C79E /* PBXContainerItemProxy */;
		};
/* End PBXTargetDependency section */

/* Begin PBXVariantGroup section */
		03842A3D189E725500C4C79E /* InfoPlist.strings */ = {
			isa = PBXVariantGroup;
			children = (
				03842A3E189E725500C4C79E /* en */,
			);
			name = InfoPlist.strings;
			sourceTree = "<group>";
		};
		03842A46189E725500C4C79E /* Main.storyboard */ = {
			isa = PBXVariantGroup;
			children = (
				03842A47189E725500C4C79E /* Base */,
			);
			name = Main.storyboard;
			sourceTree = "<group>";
		};
		03842A5C189E725500C4C79E /* InfoPlist.strings */ = {
			isa = PBXVariantGroup;
			children = (
				03842A5D189E725500C4C79E /* en */,
			);
			name = InfoPlist.strings;
			sourceTree = "<group>";
		};
/* End PBXVariantGroup section */

/* Begin XCBuildConfiguration section */
		03842A61189E725500C4C79E /* Debug */ = {
			isa = XCBuildConfiguration;
			buildSettings = {
				ALWAYS_SEARCH_USER_PATHS = NO;
				ARCHS = "$(ARCHS_STANDARD_INCLUDING_64_BIT)";
				CLANG_CXX_LANGUAGE_STANDARD = "gnu++0x";
				CLANG_CXX_LIBRARY = "libc++";
				CLANG_ENABLE_MODULES = YES;
				CLANG_ENABLE_OBJC_ARC = YES;
				CLANG_WARN_BOOL_CONVERSION = YES;
				CLANG_WARN_CONSTANT_CONVERSION = YES;
				CLANG_WARN_DIRECT_OBJC_ISA_USAGE = YES_ERROR;
				CLANG_WARN_EMPTY_BODY = YES;
				CLANG_WARN_ENUM_CONVERSION = YES;
				CLANG_WARN_INT_CONVERSION = YES;
				CLANG_WARN_OBJC_ROOT_CLASS = YES_ERROR;
				CLANG_WARN__DUPLICATE_METHOD_MATCH = YES;
				"CODE_SIGN_IDENTITY[sdk=iphoneos*]" = "iPhone Developer";
				COPY_PHASE_STRIP = NO;
				GCC_C_LANGUAGE_STANDARD = gnu99;
				GCC_DYNAMIC_NO_PIC = NO;
				GCC_OPTIMIZATION_LEVEL = 0;
				GCC_PREPROCESSOR_DEFINITIONS = (
					"DEBUG=1",
					"$(inherited)",
				);
				GCC_SYMBOLS_PRIVATE_EXTERN = NO;
				GCC_WARN_64_TO_32_BIT_CONVERSION = YES;
				GCC_WARN_ABOUT_RETURN_TYPE = YES_ERROR;
				GCC_WARN_UNDECLARED_SELECTOR = YES;
				GCC_WARN_UNINITIALIZED_AUTOS = YES;
				GCC_WARN_UNUSED_FUNCTION = YES;
				GCC_WARN_UNUSED_VARIABLE = YES;
				IPHONEOS_DEPLOYMENT_TARGET = 7.0;
				ONLY_ACTIVE_ARCH = YES;
				SDKROOT = iphoneos;
			};
			name = Debug;
		};
		03842A62189E725500C4C79E /* Release */ = {
			isa = XCBuildConfiguration;
			buildSettings = {
				ALWAYS_SEARCH_USER_PATHS = NO;
				ARCHS = "$(ARCHS_STANDARD_INCLUDING_64_BIT)";
				CLANG_CXX_LANGUAGE_STANDARD = "gnu++0x";
				CLANG_CXX_LIBRARY = "libc++";
				CLANG_ENABLE_MODULES = YES;
				CLANG_ENABLE_OBJC_ARC = YES;
				CLANG_WARN_BOOL_CONVERSION = YES;
				CLANG_WARN_CONSTANT_CONVERSION = YES;
				CLANG_WARN_DIRECT_OBJC_ISA_USAGE = YES_ERROR;
				CLANG_WARN_EMPTY_BODY = YES;
				CLANG_WARN_ENUM_CONVERSION = YES;
				CLANG_WARN_INT_CONVERSION = YES;
				CLANG_WARN_OBJC_ROOT_CLASS = YES_ERROR;
				CLANG_WARN__DUPLICATE_METHOD_MATCH = YES;
				"CODE_SIGN_IDENTITY[sdk=iphoneos*]" = "iPhone Developer";
				COPY_PHASE_STRIP = YES;
				ENABLE_NS_ASSERTIONS = NO;
				GCC_C_LANGUAGE_STANDARD = gnu99;
				GCC_WARN_64_TO_32_BIT_CONVERSION = YES;
				GCC_WARN_ABOUT_RETURN_TYPE = YES_ERROR;
				GCC_WARN_UNDECLARED_SELECTOR = YES;
				GCC_WARN_UNINITIALIZED_AUTOS = YES;
				GCC_WARN_UNUSED_FUNCTION = YES;
				GCC_WARN_UNUSED_VARIABLE = YES;
				IPHONEOS_DEPLOYMENT_TARGET = 7.0;
				SDKROOT = iphoneos;
				VALIDATE_PRODUCT = YES;
			};
			name = Release;
		};
		03842A64189E725500C4C79E /* Debug */ = {
			isa = XCBuildConfiguration;
			buildSettings = {
				ASSETCATALOG_COMPILER_APPICON_NAME = AppIcon;
				ASSETCATALOG_COMPILER_LAUNCHIMAGE_NAME = LaunchImage;
				CLANG_ENABLE_OBJC_ARC = NO;
				GCC_PRECOMPILE_PREFIX_HEADER = YES;
				GCC_PREFIX_HEADER = "SHLineKitDemo/SHLineKitDemo-Prefix.pch";
				INFOPLIST_FILE = "SHLineKitDemo/SHLineKitDemo-Info.plist";
				PRODUCT_NAME = "$(TARGET_NAME)";
				WRAPPER_EXTENSION = app;
			};
			name = Debug;
		};
		03842A65189E725500C4C79E /* Release */ = {
			isa = XCBuildConfiguration;
			buildSettings = {
				ASSETCATALOG_COMPILER_APPICON_NAME = AppIcon;
				ASSETCATALOG_COMPILER_LAUNCHIMAGE_NAME = LaunchImage;
				CLANG_ENABLE_OBJC_ARC = NO;
				GCC_PRECOMPILE_PREFIX_HEADER = YES;
				GCC_PREFIX_HEADER = "SHLineKitDemo/SHLineKitDemo-Prefix.pch";
				INFOPLIST_FILE = "SHLineKitDemo/SHLineKitDemo-Info.plist";
				PRODUCT_NAME = "$(TARGET_NAME)";
				WRAPPER_EXTENSION = app;
			};
			name = Release;
		};
		03842A67189E725500C4C79E /* Debug */ = {
			isa = XCBuildConfiguration;
			buildSettings = {
				ARCHS = "$(ARCHS_STANDARD_INCLUDING_64_BIT)";
				BUNDLE_LOADER = "$(BUILT_PRODUCTS_DIR)/SHLineKitDemo.app/SHLineKitDemo";
				FRAMEWORK_SEARCH_PATHS = (
					"$(SDKROOT)/Developer/Library/Frameworks",
					"$(inherited)",
					"$(DEVELOPER_FRAMEWORKS_DIR)",
				);
				GCC_PRECOMPILE_PREFIX_HEADER = YES;
				GCC_PREFIX_HEADER = "SHLineKitDemo/SHLineKitDemo-Prefix.pch";
				GCC_PREPROCESSOR_DEFINITIONS = (
					"DEBUG=1",
					"$(inherited)",
				);
				INFOPLIST_FILE = "SHLineKitDemoTests/SHLineKitDemoTests-Info.plist";
				PRODUCT_NAME = "$(TARGET_NAME)";
				TEST_HOST = "$(BUNDLE_LOADER)";
				WRAPPER_EXTENSION = xctest;
			};
			name = Debug;
		};
		03842A68189E725500C4C79E /* Release */ = {
			isa = XCBuildConfiguration;
			buildSettings = {
				ARCHS = "$(ARCHS_STANDARD_INCLUDING_64_BIT)";
				BUNDLE_LOADER = "$(BUILT_PRODUCTS_DIR)/SHLineKitDemo.app/SHLineKitDemo";
				FRAMEWORK_SEARCH_PATHS = (
					"$(SDKROOT)/Developer/Library/Frameworks",
					"$(inherited)",
					"$(DEVELOPER_FRAMEWORKS_DIR)",
				);
				GCC_PRECOMPILE_PREFIX_HEADER = YES;
				GCC_PREFIX_HEADER = "SHLineKitDemo/SHLineKitDemo-Prefix.pch";
				INFOPLIST_FILE = "SHLineKitDemoTests/SHLineKitDemoTests-Info.plist";
				PRODUCT_NAME = "$(TARGET_NAME)";
				TEST_HOST = "$(BUNDLE_LOADER)";
				WRAPPER_EXTENSION = xctest;
			};
			name = Release;
		};
/* End XCBuildConfiguration section */

/* Begin XCConfigurationList section */
		03842A2C189E725500C4C79E /* Build configuration list for PBXProject "SHLineKitDemo" */ = {
			isa = XCConfigurationList;
			buildConfigurations = (
				03842A61189E725500C4C79E /* Debug */,
				03842A62189E725500C4C79E /* Release */,
			);
			defaultConfigurationIsVisible = 0;
			defaultConfigurationName = Release;
		};
		03842A63189E725500C4C79E /* Build configuration list for PBXNativeTarget "SHLineKitDemo" */ = {
			isa = XCConfigurationList;
			buildConfigurations = (
				03842A64189E725500C4C79E /* Debug */,
				03842A65189E725500C4C79E /* Release */,
			);
			defaultConfigurationIsVisible = 0;
			defaultConfigurationName = Release;
		};
		03842A66189E725500C4C79E /* Build configuration list for PBXNativeTarget "SHLineKitDemoTests" */ = {
			isa = XCConfigurationList;
			buildConfigurations = (
				03842A67189E725500C4C79E /* Debug */,
				03842A68189E725500C4C79E /* Release */,
			);
			defaultConfigurationIsVisible = 0;
			defaultConfigurationName = Release;
		};
/* End XCConfigurationList section */
	};
	rootObject = 03842A29189E725500C4C79E /* Project object */;
}
